# This file is automatically @generated by Poetry 1.6.1 and should not be changed by hand.

[[package]]
name = "appnope"
version = "0.1.3"
description = "Disable App Nap on macOS >= 10.9"
optional = false
python-versions = "*"
files = [
    {file = "appnope-0.1.3-py2.py3-none-any.whl", hash = "sha256:265a455292d0bd8a72453494fa24df5a11eb18373a60c7c0430889f22548605e"},
    {file = "appnope-0.1.3.tar.gz", hash = "sha256:02bd91c4de869fbb1e1c50aafc4098827a7a54ab2f39d9dcba6c9547ed920e24"},
]

[[package]]
name = "attrs"
version = "23.1.0"
description = "Classes Without Boilerplate"
optional = false
python-versions = ">=3.7"
files = [
    {file = "attrs-23.1.0-py3-none-any.whl", hash = "sha256:1f28b4522cdc2fb4256ac1a020c78acf9cba2c6b461ccd2c126f3aa8e8335d04"},
    {file = "attrs-23.1.0.tar.gz", hash = "sha256:6279836d581513a26f1bf235f9acd333bc9115683f14f7e8fae46c98fc50e015"},
]

[package.extras]
cov = ["attrs[tests]", "coverage[toml] (>=5.3)"]
dev = ["attrs[docs,tests]", "pre-commit"]
docs = ["furo", "myst-parser", "sphinx", "sphinx-notfound-page", "sphinxcontrib-towncrier", "towncrier", "zope-interface"]
tests = ["attrs[tests-no-zope]", "zope-interface"]
tests-no-zope = ["cloudpickle", "hypothesis", "mypy (>=1.1.1)", "pympler", "pytest (>=4.3.0)", "pytest-mypy-plugins", "pytest-xdist[psutil]"]

[[package]]
name = "backcall"
version = "0.2.0"
description = "Specifications for callback functions passed in to an API"
optional = false
python-versions = "*"
files = [
    {file = "backcall-0.2.0-py2.py3-none-any.whl", hash = "sha256:fbbce6a29f263178a1f7915c1940bde0ec2b2a967566fe1c65c1dfb7422bd255"},
    {file = "backcall-0.2.0.tar.gz", hash = "sha256:5cbdbf27be5e7cfadb448baf0aa95508f91f2bbc6c6437cd9cd06e2a4c215e1e"},
]

[[package]]
name = "black"
version = "23.10.1"
description = "The uncompromising code formatter."
optional = false
python-versions = ">=3.8"
files = [
    {file = "black-23.10.1-cp310-cp310-macosx_10_16_arm64.whl", hash = "sha256:ec3f8e6234c4e46ff9e16d9ae96f4ef69fa328bb4ad08198c8cee45bb1f08c69"},
    {file = "black-23.10.1-cp310-cp310-macosx_10_16_x86_64.whl", hash = "sha256:1b917a2aa020ca600483a7b340c165970b26e9029067f019e3755b56e8dd5916"},
    {file = "black-23.10.1-cp310-cp310-manylinux_2_17_x86_64.manylinux2014_x86_64.whl", hash = "sha256:9c74de4c77b849e6359c6f01987e94873c707098322b91490d24296f66d067dc"},
    {file = "black-23.10.1-cp310-cp310-win_amd64.whl", hash = "sha256:7b4d10b0f016616a0d93d24a448100adf1699712fb7a4efd0e2c32bbb219b173"},
    {file = "black-23.10.1-cp311-cp311-macosx_10_16_arm64.whl", hash = "sha256:b15b75fc53a2fbcac8a87d3e20f69874d161beef13954747e053bca7a1ce53a0"},
    {file = "black-23.10.1-cp311-cp311-macosx_10_16_x86_64.whl", hash = "sha256:e293e4c2f4a992b980032bbd62df07c1bcff82d6964d6c9496f2cd726e246ace"},
    {file = "black-23.10.1-cp311-cp311-manylinux_2_17_x86_64.manylinux2014_x86_64.whl", hash = "sha256:7d56124b7a61d092cb52cce34182a5280e160e6aff3137172a68c2c2c4b76bcb"},
    {file = "black-23.10.1-cp311-cp311-win_amd64.whl", hash = "sha256:3f157a8945a7b2d424da3335f7ace89c14a3b0625e6593d21139c2d8214d55ce"},
    {file = "black-23.10.1-cp38-cp38-macosx_10_16_arm64.whl", hash = "sha256:cfcce6f0a384d0da692119f2d72d79ed07c7159879d0bb1bb32d2e443382bf3a"},
    {file = "black-23.10.1-cp38-cp38-macosx_10_16_x86_64.whl", hash = "sha256:33d40f5b06be80c1bbce17b173cda17994fbad096ce60eb22054da021bf933d1"},
    {file = "black-23.10.1-cp38-cp38-manylinux_2_17_x86_64.manylinux2014_x86_64.whl", hash = "sha256:840015166dbdfbc47992871325799fd2dc0dcf9395e401ada6d88fe11498abad"},
    {file = "black-23.10.1-cp38-cp38-win_amd64.whl", hash = "sha256:037e9b4664cafda5f025a1728c50a9e9aedb99a759c89f760bd83730e76ba884"},
    {file = "black-23.10.1-cp39-cp39-macosx_10_16_arm64.whl", hash = "sha256:7cb5936e686e782fddb1c73f8aa6f459e1ad38a6a7b0e54b403f1f05a1507ee9"},
    {file = "black-23.10.1-cp39-cp39-macosx_10_16_x86_64.whl", hash = "sha256:7670242e90dc129c539e9ca17665e39a146a761e681805c54fbd86015c7c84f7"},
    {file = "black-23.10.1-cp39-cp39-manylinux_2_17_x86_64.manylinux2014_x86_64.whl", hash = "sha256:5ed45ac9a613fb52dad3b61c8dea2ec9510bf3108d4db88422bacc7d1ba1243d"},
    {file = "black-23.10.1-cp39-cp39-win_amd64.whl", hash = "sha256:6d23d7822140e3fef190734216cefb262521789367fbdc0b3f22af6744058982"},
    {file = "black-23.10.1-py3-none-any.whl", hash = "sha256:d431e6739f727bb2e0495df64a6c7a5310758e87505f5f8cde9ff6c0f2d7e4fe"},
    {file = "black-23.10.1.tar.gz", hash = "sha256:1f8ce316753428ff68749c65a5f7844631aa18c8679dfd3ca9dc1a289979c258"},
]

[package.dependencies]
click = ">=8.0.0"
mypy-extensions = ">=0.4.3"
packaging = ">=22.0"
pathspec = ">=0.9.0"
platformdirs = ">=2"
tomli = {version = ">=1.1.0", markers = "python_version < \"3.11\""}
typing-extensions = {version = ">=4.0.1", markers = "python_version < \"3.11\""}

[package.extras]
colorama = ["colorama (>=0.4.3)"]
d = ["aiohttp (>=3.7.4)"]
jupyter = ["ipython (>=7.8.0)", "tokenize-rt (>=3.2.0)"]
uvloop = ["uvloop (>=0.15.2)"]

[[package]]
name = "bson"
version = "0.5.10"
description = "BSON codec for Python"
optional = false
python-versions = "*"
files = [
    {file = "bson-0.5.10.tar.gz", hash = "sha256:d6511b2ab051139a9123c184de1a04227262173ad593429d21e443d6462d6590"},
]

[package.dependencies]
python-dateutil = ">=2.4.0"
six = ">=1.9.0"

[[package]]
name = "click"
version = "8.1.7"
description = "Composable command line interface toolkit"
optional = false
python-versions = ">=3.7"
files = [
    {file = "click-8.1.7-py3-none-any.whl", hash = "sha256:ae74fb96c20a0277a1d615f1e4d73c8414f5a98db8b799a7931d1582f3390c28"},
    {file = "click-8.1.7.tar.gz", hash = "sha256:ca9853ad459e787e2192211578cc907e7594e294c7ccc834310722b41b9ca6de"},
]

[package.dependencies]
colorama = {version = "*", markers = "platform_system == \"Windows\""}

[[package]]
name = "colorama"
version = "0.4.6"
description = "Cross-platform colored terminal text."
optional = false
python-versions = "!=3.0.*,!=3.1.*,!=3.2.*,!=3.3.*,!=3.4.*,!=3.5.*,!=3.6.*,>=2.7"
files = [
    {file = "colorama-0.4.6-py2.py3-none-any.whl", hash = "sha256:4f1d9991f5acc0ca119f9d443620b77f9d6b33703e51011c16baf57afb285fc6"},
    {file = "colorama-0.4.6.tar.gz", hash = "sha256:08695f5cb7ed6e0531a20572697297273c47b8cae5a63ffc6d6ed5c201be6e44"},
]

[[package]]
name = "decorator"
version = "5.1.1"
description = "Decorators for Humans"
optional = false
python-versions = ">=3.5"
files = [
    {file = "decorator-5.1.1-py3-none-any.whl", hash = "sha256:b8c3f85900b9dc423225913c5aace94729fe1fa9763b38939a95226f02d37186"},
    {file = "decorator-5.1.1.tar.gz", hash = "sha256:637996211036b6385ef91435e4fae22989472f9d571faba8927ba8253acbc330"},
]

[[package]]
name = "dnspython"
version = "2.4.2"
description = "DNS toolkit"
optional = false
python-versions = ">=3.8,<4.0"
files = [
    {file = "dnspython-2.4.2-py3-none-any.whl", hash = "sha256:57c6fbaaeaaf39c891292012060beb141791735dbb4004798328fc2c467402d8"},
    {file = "dnspython-2.4.2.tar.gz", hash = "sha256:8dcfae8c7460a2f84b4072e26f1c9f4101ca20c071649cb7c34e8b6a93d58984"},
]

[package.extras]
dnssec = ["cryptography (>=2.6,<42.0)"]
doh = ["h2 (>=4.1.0)", "httpcore (>=0.17.3)", "httpx (>=0.24.1)"]
doq = ["aioquic (>=0.9.20)"]
idna = ["idna (>=2.1,<4.0)"]
trio = ["trio (>=0.14,<0.23)"]
wmi = ["wmi (>=1.5.1,<2.0.0)"]

[[package]]
name = "flake8"
version = "3.9.2"
description = "the modular source code checker: pep8 pyflakes and co"
optional = false
python-versions = "!=3.0.*,!=3.1.*,!=3.2.*,!=3.3.*,!=3.4.*,>=2.7"
files = [
    {file = "flake8-3.9.2-py2.py3-none-any.whl", hash = "sha256:bf8fd333346d844f616e8d47905ef3a3384edae6b4e9beb0c5101e25e3110907"},
    {file = "flake8-3.9.2.tar.gz", hash = "sha256:07528381786f2a6237b061f6e96610a4167b226cb926e2aa2b6b1d78057c576b"},
]

[package.dependencies]
mccabe = ">=0.6.0,<0.7.0"
pycodestyle = ">=2.7.0,<2.8.0"
pyflakes = ">=2.3.0,<2.4.0"

[[package]]
name = "flake8-pyi"
version = "20.10.0"
description = "A plugin for flake8 to enable linting .pyi files."
optional = false
python-versions = ">=3.6"
files = [
    {file = "flake8-pyi-20.10.0.tar.gz", hash = "sha256:cee3b20a5123152c697870e7e800b60e3c95eb89e272a2b63d8cf55cafb0472c"},
    {file = "flake8_pyi-20.10.0-py2.py3-none-any.whl", hash = "sha256:ff5dfc40bffa878f6ce95bcfd9a6ad14c44b85cbe99c4864e729301bf54267f0"},
]

[package.dependencies]
attrs = "*"
flake8 = ">=3.2.1"
pyflakes = ">=2.1.1"

[[package]]
name = "ipython"
version = "7.34.0"
description = "IPython: Productive Interactive Computing"
optional = false
python-versions = ">=3.7"
files = [
    {file = "ipython-7.34.0-py3-none-any.whl", hash = "sha256:c175d2440a1caff76116eb719d40538fbb316e214eda85c5515c303aacbfb23e"},
    {file = "ipython-7.34.0.tar.gz", hash = "sha256:af3bdb46aa292bce5615b1b2ebc76c2080c5f77f54bda2ec72461317273e7cd6"},
]

[package.dependencies]
appnope = {version = "*", markers = "sys_platform == \"darwin\""}
backcall = "*"
colorama = {version = "*", markers = "sys_platform == \"win32\""}
decorator = "*"
jedi = ">=0.16"
matplotlib-inline = "*"
pexpect = {version = ">4.3", markers = "sys_platform != \"win32\""}
pickleshare = "*"
prompt-toolkit = ">=2.0.0,<3.0.0 || >3.0.0,<3.0.1 || >3.0.1,<3.1.0"
pygments = "*"
setuptools = ">=18.5"
traitlets = ">=4.2"

[package.extras]
all = ["Sphinx (>=1.3)", "ipykernel", "ipyparallel", "ipywidgets", "nbconvert", "nbformat", "nose (>=0.10.1)", "notebook", "numpy (>=1.17)", "pygments", "qtconsole", "requests", "testpath"]
doc = ["Sphinx (>=1.3)"]
kernel = ["ipykernel"]
nbconvert = ["nbconvert"]
nbformat = ["nbformat"]
notebook = ["ipywidgets", "notebook"]
parallel = ["ipyparallel"]
qtconsole = ["qtconsole"]
test = ["ipykernel", "nbformat", "nose (>=0.10.1)", "numpy (>=1.17)", "pygments", "requests", "testpath"]

[[package]]
name = "isort"
version = "5.12.0"
description = "A Python utility / library to sort Python imports."
optional = false
python-versions = ">=3.8.0"
files = [
    {file = "isort-5.12.0-py3-none-any.whl", hash = "sha256:f84c2818376e66cf843d497486ea8fed8700b340f308f076c6fb1229dff318b6"},
    {file = "isort-5.12.0.tar.gz", hash = "sha256:8bef7dde241278824a6d83f44a544709b065191b95b6e50894bdc722fcba0504"},
]

[package.extras]
colors = ["colorama (>=0.4.3)"]
pipfile-deprecated-finder = ["pip-shims (>=0.5.2)", "pipreqs", "requirementslib"]
plugins = ["setuptools"]
requirements-deprecated-finder = ["pip-api", "pipreqs"]

[[package]]
name = "jedi"
version = "0.19.1"
description = "An autocompletion tool for Python that can be used for text editors."
optional = false
python-versions = ">=3.6"
files = [
    {file = "jedi-0.19.1-py2.py3-none-any.whl", hash = "sha256:e983c654fe5c02867aef4cdfce5a2fbb4a50adc0af145f70504238f18ef5e7e0"},
    {file = "jedi-0.19.1.tar.gz", hash = "sha256:cf0496f3651bc65d7174ac1b7d043eff454892c708a87d1b683e57b569927ffd"},
]

[package.dependencies]
parso = ">=0.8.3,<0.9.0"

[package.extras]
docs = ["Jinja2 (==2.11.3)", "MarkupSafe (==1.1.1)", "Pygments (==2.8.1)", "alabaster (==0.7.12)", "babel (==2.9.1)", "chardet (==4.0.0)", "commonmark (==0.8.1)", "docutils (==0.17.1)", "future (==0.18.2)", "idna (==2.10)", "imagesize (==1.2.0)", "mock (==1.0.1)", "packaging (==20.9)", "pyparsing (==2.4.7)", "pytz (==2021.1)", "readthedocs-sphinx-ext (==2.1.4)", "recommonmark (==0.5.0)", "requests (==2.25.1)", "six (==1.15.0)", "snowballstemmer (==2.1.0)", "sphinx (==1.8.5)", "sphinx-rtd-theme (==0.4.3)", "sphinxcontrib-serializinghtml (==1.1.4)", "sphinxcontrib-websupport (==1.2.4)", "urllib3 (==1.26.4)"]
qa = ["flake8 (==5.0.4)", "mypy (==0.971)", "types-setuptools (==67.2.0.1)"]
testing = ["Django", "attrs", "colorama", "docopt", "pytest (<7.0.0)"]

[[package]]
name = "matplotlib-inline"
version = "0.1.6"
description = "Inline Matplotlib backend for Jupyter"
optional = false
python-versions = ">=3.5"
files = [
    {file = "matplotlib-inline-0.1.6.tar.gz", hash = "sha256:f887e5f10ba98e8d2b150ddcf4702c1e5f8b3a20005eb0f74bfdbd360ee6f304"},
    {file = "matplotlib_inline-0.1.6-py3-none-any.whl", hash = "sha256:f1f41aab5328aa5aaea9b16d083b128102f8712542f819fe7e6a420ff581b311"},
]

[package.dependencies]
traitlets = "*"

[[package]]
name = "mccabe"
version = "0.6.1"
description = "McCabe checker, plugin for flake8"
optional = false
python-versions = "*"
files = [
    {file = "mccabe-0.6.1-py2.py3-none-any.whl", hash = "sha256:ab8a6258860da4b6677da4bd2fe5dc2c659cff31b3ee4f7f5d64e79735b80d42"},
    {file = "mccabe-0.6.1.tar.gz", hash = "sha256:dd8d182285a0fe56bace7f45b5e7d1a6ebcbf524e8f3bd87eb0f125271b8831f"},
]

[[package]]
name = "mongoengine"
version = "0.27.0"
description = "MongoEngine is a Python Object-Document Mapper for working with MongoDB."
optional = false
python-versions = ">=3.7"
files = [
    {file = "mongoengine-0.27.0-py3-none-any.whl", hash = "sha256:c3523b8f886052f3deb200b3218bcc13e4b781661e3bea38587cc936c80ea358"},
    {file = "mongoengine-0.27.0.tar.gz", hash = "sha256:8f38df7834dc4b192d89f2668dcf3091748d12f74d55648ce77b919167a4a49b"},
]

[package.dependencies]
pymongo = ">=3.4,<5.0"

[[package]]
name = "mypy"
version = "1.6.1"
description = "Optional static typing for Python"
optional = false
python-versions = ">=3.8"
files = [
    {file = "mypy-1.6.1-cp310-cp310-macosx_10_9_x86_64.whl", hash = "sha256:e5012e5cc2ac628177eaac0e83d622b2dd499e28253d4107a08ecc59ede3fc2c"},
    {file = "mypy-1.6.1-cp310-cp310-macosx_11_0_arm64.whl", hash = "sha256:d8fbb68711905f8912e5af474ca8b78d077447d8f3918997fecbf26943ff3cbb"},
    {file = "mypy-1.6.1-cp310-cp310-manylinux_2_17_x86_64.manylinux2014_x86_64.whl", hash = "sha256:21a1ad938fee7d2d96ca666c77b7c494c3c5bd88dff792220e1afbebb2925b5e"},
    {file = "mypy-1.6.1-cp310-cp310-musllinux_1_1_x86_64.whl", hash = "sha256:b96ae2c1279d1065413965c607712006205a9ac541895004a1e0d4f281f2ff9f"},
    {file = "mypy-1.6.1-cp310-cp310-win_amd64.whl", hash = "sha256:40b1844d2e8b232ed92e50a4bd11c48d2daa351f9deee6c194b83bf03e418b0c"},
    {file = "mypy-1.6.1-cp311-cp311-macosx_10_9_x86_64.whl", hash = "sha256:81af8adaa5e3099469e7623436881eff6b3b06db5ef75e6f5b6d4871263547e5"},
    {file = "mypy-1.6.1-cp311-cp311-macosx_11_0_arm64.whl", hash = "sha256:8c223fa57cb154c7eab5156856c231c3f5eace1e0bed9b32a24696b7ba3c3245"},
    {file = "mypy-1.6.1-cp311-cp311-manylinux_2_17_x86_64.manylinux2014_x86_64.whl", hash = "sha256:a8032e00ce71c3ceb93eeba63963b864bf635a18f6c0c12da6c13c450eedb183"},
    {file = "mypy-1.6.1-cp311-cp311-musllinux_1_1_x86_64.whl", hash = "sha256:4c46b51de523817a0045b150ed11b56f9fff55f12b9edd0f3ed35b15a2809de0"},
    {file = "mypy-1.6.1-cp311-cp311-win_amd64.whl", hash = "sha256:19f905bcfd9e167159b3d63ecd8cb5e696151c3e59a1742e79bc3bcb540c42c7"},
    {file = "mypy-1.6.1-cp312-cp312-macosx_10_9_x86_64.whl", hash = "sha256:82e469518d3e9a321912955cc702d418773a2fd1e91c651280a1bda10622f02f"},
    {file = "mypy-1.6.1-cp312-cp312-macosx_11_0_arm64.whl", hash = "sha256:d4473c22cc296425bbbce7e9429588e76e05bc7342da359d6520b6427bf76660"},
    {file = "mypy-1.6.1-cp312-cp312-manylinux_2_17_x86_64.manylinux2014_x86_64.whl", hash = "sha256:59a0d7d24dfb26729e0a068639a6ce3500e31d6655df8557156c51c1cb874ce7"},
    {file = "mypy-1.6.1-cp312-cp312-musllinux_1_1_x86_64.whl", hash = "sha256:cfd13d47b29ed3bbaafaff7d8b21e90d827631afda134836962011acb5904b71"},
    {file = "mypy-1.6.1-cp312-cp312-win_amd64.whl", hash = "sha256:eb4f18589d196a4cbe5290b435d135dee96567e07c2b2d43b5c4621b6501531a"},
    {file = "mypy-1.6.1-cp38-cp38-macosx_10_9_x86_64.whl", hash = "sha256:41697773aa0bf53ff917aa077e2cde7aa50254f28750f9b88884acea38a16169"},
    {file = "mypy-1.6.1-cp38-cp38-macosx_11_0_arm64.whl", hash = "sha256:7274b0c57737bd3476d2229c6389b2ec9eefeb090bbaf77777e9d6b1b5a9d143"},
    {file = "mypy-1.6.1-cp38-cp38-manylinux_2_17_x86_64.manylinux2014_x86_64.whl", hash = "sha256:bbaf4662e498c8c2e352da5f5bca5ab29d378895fa2d980630656178bd607c46"},
    {file = "mypy-1.6.1-cp38-cp38-musllinux_1_1_x86_64.whl", hash = "sha256:bb8ccb4724f7d8601938571bf3f24da0da791fe2db7be3d9e79849cb64e0ae85"},
    {file = "mypy-1.6.1-cp38-cp38-win_amd64.whl", hash = "sha256:68351911e85145f582b5aa6cd9ad666c8958bcae897a1bfda8f4940472463c45"},
    {file = "mypy-1.6.1-cp39-cp39-macosx_10_9_x86_64.whl", hash = "sha256:49ae115da099dcc0922a7a895c1eec82c1518109ea5c162ed50e3b3594c71208"},
    {file = "mypy-1.6.1-cp39-cp39-macosx_11_0_arm64.whl", hash = "sha256:8b27958f8c76bed8edaa63da0739d76e4e9ad4ed325c814f9b3851425582a3cd"},
    {file = "mypy-1.6.1-cp39-cp39-manylinux_2_17_x86_64.manylinux2014_x86_64.whl", hash = "sha256:925cd6a3b7b55dfba252b7c4561892311c5358c6b5a601847015a1ad4eb7d332"},
    {file = "mypy-1.6.1-cp39-cp39-musllinux_1_1_x86_64.whl", hash = "sha256:8f57e6b6927a49550da3d122f0cb983d400f843a8a82e65b3b380d3d7259468f"},
    {file = "mypy-1.6.1-cp39-cp39-win_amd64.whl", hash = "sha256:a43ef1c8ddfdb9575691720b6352761f3f53d85f1b57d7745701041053deff30"},
    {file = "mypy-1.6.1-py3-none-any.whl", hash = "sha256:4cbe68ef919c28ea561165206a2dcb68591c50f3bcf777932323bc208d949cf1"},
    {file = "mypy-1.6.1.tar.gz", hash = "sha256:4d01c00d09a0be62a4ca3f933e315455bde83f37f892ba4b08ce92f3cf44bcc1"},
]

[package.dependencies]
mypy-extensions = ">=1.0.0"
tomli = {version = ">=1.1.0", markers = "python_version < \"3.11\""}
typing-extensions = ">=4.1.0"

[package.extras]
dmypy = ["psutil (>=4.0)"]
install-types = ["pip"]
reports = ["lxml"]

[[package]]
name = "mypy-extensions"
version = "1.0.0"
description = "Type system extensions for programs checked with the mypy type checker."
optional = false
python-versions = ">=3.5"
files = [
    {file = "mypy_extensions-1.0.0-py3-none-any.whl", hash = "sha256:4392f6c0eb8a5668a69e23d168ffa70f0be9ccfd32b5cc2d26a34ae5b844552d"},
    {file = "mypy_extensions-1.0.0.tar.gz", hash = "sha256:75dbf8955dc00442a438fc4d0666508a9a97b6bd41aa2f0ffe9d2f2725af0782"},
]

[[package]]
name = "nodeenv"
version = "1.8.0"
description = "Node.js virtual environment builder"
optional = false
python-versions = ">=2.7,!=3.0.*,!=3.1.*,!=3.2.*,!=3.3.*,!=3.4.*,!=3.5.*,!=3.6.*"
files = [
    {file = "nodeenv-1.8.0-py2.py3-none-any.whl", hash = "sha256:df865724bb3c3adc86b3876fa209771517b0cfe596beff01a92700e0e8be4cec"},
    {file = "nodeenv-1.8.0.tar.gz", hash = "sha256:d51e0c37e64fbf47d017feac3145cdbb58836d7eee8c6f6d3b6880c5456227d2"},
]

[package.dependencies]
setuptools = "*"

[[package]]
name = "packaging"
version = "23.2"
description = "Core utilities for Python packages"
optional = false
python-versions = ">=3.7"
files = [
    {file = "packaging-23.2-py3-none-any.whl", hash = "sha256:8c491190033a9af7e1d931d0b5dacc2ef47509b34dd0de67ed209b5203fc88c7"},
    {file = "packaging-23.2.tar.gz", hash = "sha256:048fb0e9405036518eaaf48a55953c750c11e1a1b68e0dd1a9d62ed0c092cfc5"},
]

[[package]]
name = "parso"
version = "0.8.3"
description = "A Python Parser"
optional = false
python-versions = ">=3.6"
files = [
    {file = "parso-0.8.3-py2.py3-none-any.whl", hash = "sha256:c001d4636cd3aecdaf33cbb40aebb59b094be2a74c556778ef5576c175e19e75"},
    {file = "parso-0.8.3.tar.gz", hash = "sha256:8c07be290bb59f03588915921e29e8a50002acaf2cdc5fa0e0114f91709fafa0"},
]

[package.extras]
qa = ["flake8 (==3.8.3)", "mypy (==0.782)"]
testing = ["docopt", "pytest (<6.0.0)"]

[[package]]
name = "pathspec"
version = "0.11.2"
description = "Utility library for gitignore style pattern matching of file paths."
optional = false
python-versions = ">=3.7"
files = [
    {file = "pathspec-0.11.2-py3-none-any.whl", hash = "sha256:1d6ed233af05e679efb96b1851550ea95bbb64b7c490b0f5aa52996c11e92a20"},
    {file = "pathspec-0.11.2.tar.gz", hash = "sha256:e0d8d0ac2f12da61956eb2306b69f9469b42f4deb0f3cb6ed47b9cce9996ced3"},
]

[[package]]
name = "pexpect"
version = "4.8.0"
description = "Pexpect allows easy control of interactive console applications."
optional = false
python-versions = "*"
files = [
    {file = "pexpect-4.8.0-py2.py3-none-any.whl", hash = "sha256:0b48a55dcb3c05f3329815901ea4fc1537514d6ba867a152b581d69ae3710937"},
    {file = "pexpect-4.8.0.tar.gz", hash = "sha256:fc65a43959d153d0114afe13997d439c22823a27cefceb5ff35c2178c6784c0c"},
]

[package.dependencies]
ptyprocess = ">=0.5"

[[package]]
name = "pickleshare"
version = "0.7.5"
description = "Tiny 'shelve'-like database with concurrency support"
optional = false
python-versions = "*"
files = [
    {file = "pickleshare-0.7.5-py2.py3-none-any.whl", hash = "sha256:9649af414d74d4df115d5d718f82acb59c9d418196b7b4290ed47a12ce62df56"},
    {file = "pickleshare-0.7.5.tar.gz", hash = "sha256:87683d47965c1da65cdacaf31c8441d12b8044cdec9aca500cd78fc2c683afca"},
]

[[package]]
name = "platformdirs"
version = "3.11.0"
description = "A small Python package for determining appropriate platform-specific dirs, e.g. a \"user data dir\"."
optional = false
python-versions = ">=3.7"
files = [
    {file = "platformdirs-3.11.0-py3-none-any.whl", hash = "sha256:e9d171d00af68be50e9202731309c4e658fd8bc76f55c11c7dd760d023bda68e"},
    {file = "platformdirs-3.11.0.tar.gz", hash = "sha256:cf8ee52a3afdb965072dcc652433e0c7e3e40cf5ea1477cd4b3b1d2eb75495b3"},
]

[package.extras]
docs = ["furo (>=2023.7.26)", "proselint (>=0.13)", "sphinx (>=7.1.1)", "sphinx-autodoc-typehints (>=1.24)"]
test = ["appdirs (==1.4.4)", "covdefaults (>=2.3)", "pytest (>=7.4)", "pytest-cov (>=4.1)", "pytest-mock (>=3.11.1)"]

[[package]]
name = "prompt-toolkit"
version = "3.0.39"
description = "Library for building powerful interactive command lines in Python"
optional = false
python-versions = ">=3.7.0"
files = [
    {file = "prompt_toolkit-3.0.39-py3-none-any.whl", hash = "sha256:9dffbe1d8acf91e3de75f3b544e4842382fc06c6babe903ac9acb74dc6e08d88"},
    {file = "prompt_toolkit-3.0.39.tar.gz", hash = "sha256:04505ade687dc26dc4284b1ad19a83be2f2afe83e7a828ace0c72f3a1df72aac"},
]

[package.dependencies]
wcwidth = "*"

[[package]]
name = "ptyprocess"
version = "0.7.0"
description = "Run a subprocess in a pseudo terminal"
optional = false
python-versions = "*"
files = [
    {file = "ptyprocess-0.7.0-py2.py3-none-any.whl", hash = "sha256:4b41f3967fce3af57cc7e94b888626c18bf37a083e3651ca8feeb66d492fef35"},
    {file = "ptyprocess-0.7.0.tar.gz", hash = "sha256:5c5d0a3b48ceee0b48485e0c26037c0acd7d29765ca3fbb5cb3831d347423220"},
]

[[package]]
name = "pycodestyle"
version = "2.7.0"
description = "Python style guide checker"
optional = false
python-versions = ">=2.7, !=3.0.*, !=3.1.*, !=3.2.*, !=3.3.*"
files = [
    {file = "pycodestyle-2.7.0-py2.py3-none-any.whl", hash = "sha256:514f76d918fcc0b55c6680472f0a37970994e07bbb80725808c17089be302068"},
    {file = "pycodestyle-2.7.0.tar.gz", hash = "sha256:c389c1d06bf7904078ca03399a4816f974a1d590090fecea0c63ec26ebaf1cef"},
]

[[package]]
name = "pyflakes"
version = "2.3.1"
description = "passive checker of Python programs"
optional = false
python-versions = ">=2.7, !=3.0.*, !=3.1.*, !=3.2.*, !=3.3.*"
files = [
    {file = "pyflakes-2.3.1-py2.py3-none-any.whl", hash = "sha256:7893783d01b8a89811dd72d7dfd4d84ff098e5eed95cfa8905b22bbffe52efc3"},
    {file = "pyflakes-2.3.1.tar.gz", hash = "sha256:f5bc8ecabc05bb9d291eb5203d6810b49040f6ff446a756326104746cc00c1db"},
]

[[package]]
name = "pygments"
version = "2.16.1"
description = "Pygments is a syntax highlighting package written in Python."
optional = false
python-versions = ">=3.7"
files = [
    {file = "Pygments-2.16.1-py3-none-any.whl", hash = "sha256:13fc09fa63bc8d8671a6d247e1eb303c4b343eaee81d861f3404db2935653692"},
    {file = "Pygments-2.16.1.tar.gz", hash = "sha256:1daff0494820c69bc8941e407aa20f577374ee88364ee10a98fdbe0aece96e29"},
]

[package.extras]
plugins = ["importlib-metadata"]

[[package]]
name = "pymongo"
version = "4.6.0"
description = "Python driver for MongoDB <http://www.mongodb.org>"
optional = false
python-versions = ">=3.7"
files = [
    {file = "pymongo-4.6.0-cp310-cp310-macosx_10_9_universal2.whl", hash = "sha256:c011bd5ad03cc096f99ffcfdd18a1817354132c1331bed7a837a25226659845f"},
    {file = "pymongo-4.6.0-cp310-cp310-manylinux1_i686.whl", hash = "sha256:5e63146dbdb1eac207464f6e0cfcdb640c9c5ff0f57b754fa96fe252314a1dc6"},
    {file = "pymongo-4.6.0-cp310-cp310-manylinux2014_aarch64.whl", hash = "sha256:2972dd1f1285866aba027eff2f4a2bbf8aa98563c2ced14cb34ee5602b36afdf"},
    {file = "pymongo-4.6.0-cp310-cp310-manylinux2014_i686.whl", hash = "sha256:a0be99b599da95b7a90a918dd927b20c434bea5e1c9b3efc6a3c6cd67c23f813"},
    {file = "pymongo-4.6.0-cp310-cp310-manylinux2014_ppc64le.whl", hash = "sha256:9b0f98481ad5dc4cb430a60bbb8869f05505283b9ae1c62bdb65eb5e020ee8e3"},
    {file = "pymongo-4.6.0-cp310-cp310-manylinux2014_s390x.whl", hash = "sha256:256c503a75bd71cf7fb9ebf889e7e222d49c6036a48aad5a619f98a0adf0e0d7"},
    {file = "pymongo-4.6.0-cp310-cp310-manylinux2014_x86_64.whl", hash = "sha256:b4ad70d7cac4ca0c7b31444a0148bd3af01a2662fa12b1ad6f57cd4a04e21766"},
    {file = "pymongo-4.6.0-cp310-cp310-manylinux_2_17_aarch64.manylinux2014_aarch64.whl", hash = "sha256:5717a308a703dda2886a5796a07489c698b442f5e409cf7dc2ac93de8d61d764"},
    {file = "pymongo-4.6.0-cp310-cp310-manylinux_2_17_ppc64le.manylinux2014_ppc64le.whl", hash = "sha256:a8f7f9feecae53fa18d6a3ea7c75f9e9a1d4d20e5c3f9ce3fba83f07bcc4eee2"},
    {file = "pymongo-4.6.0-cp310-cp310-manylinux_2_17_s390x.manylinux2014_s390x.whl", hash = "sha256:128b1485753106c54af481789cdfea12b90a228afca0b11fb3828309a907e10e"},
    {file = "pymongo-4.6.0-cp310-cp310-manylinux_2_17_x86_64.manylinux2014_x86_64.whl", hash = "sha256:d3077a31633beef77d057c6523f5de7271ddef7bde5e019285b00c0cc9cac1e3"},
    {file = "pymongo-4.6.0-cp310-cp310-manylinux_2_5_i686.manylinux1_i686.manylinux_2_17_i686.manylinux2014_i686.whl", hash = "sha256:ebf02c32afa6b67e5861a27183dd98ed88419a94a2ab843cc145fb0bafcc5b28"},
    {file = "pymongo-4.6.0-cp310-cp310-win32.whl", hash = "sha256:b14dd73f595199f4275bed4fb509277470d9b9059310537e3b3daba12b30c157"},
    {file = "pymongo-4.6.0-cp310-cp310-win_amd64.whl", hash = "sha256:8adf014f2779992eba3b513e060d06f075f0ab2fb3ad956f413a102312f65cdf"},
    {file = "pymongo-4.6.0-cp311-cp311-macosx_10_9_universal2.whl", hash = "sha256:ba51129fcc510824b6ca6e2ce1c27e3e4d048b6e35d3ae6f7e517bed1b8b25ce"},
    {file = "pymongo-4.6.0-cp311-cp311-manylinux_2_17_aarch64.manylinux2014_aarch64.whl", hash = "sha256:2973f113e079fb98515722cd728e1820282721ec9fd52830e4b73cabdbf1eb28"},
    {file = "pymongo-4.6.0-cp311-cp311-manylinux_2_17_ppc64le.manylinux2014_ppc64le.whl", hash = "sha256:af425f323fce1b07755edd783581e7283557296946212f5b1a934441718e7528"},
    {file = "pymongo-4.6.0-cp311-cp311-manylinux_2_17_s390x.manylinux2014_s390x.whl", hash = "sha256:1ec71ac633b126c0775ed4604ca8f56c3540f5c21a1220639f299e7a544b55f9"},
    {file = "pymongo-4.6.0-cp311-cp311-manylinux_2_17_x86_64.manylinux2014_x86_64.whl", hash = "sha256:3ec6c20385c5a58e16b1ea60c5e4993ea060540671d7d12664f385f2fb32fe79"},
    {file = "pymongo-4.6.0-cp311-cp311-manylinux_2_5_i686.manylinux1_i686.manylinux_2_17_i686.manylinux2014_i686.whl", hash = "sha256:85f2cdc400ee87f5952ebf2a117488f2525a3fb2e23863a8efe3e4ee9e54e4d1"},
    {file = "pymongo-4.6.0-cp311-cp311-win32.whl", hash = "sha256:7fc2bb8a74dcfcdd32f89528e38dcbf70a3a6594963d60dc9595e3b35b66e414"},
    {file = "pymongo-4.6.0-cp311-cp311-win_amd64.whl", hash = "sha256:6695d7136a435c1305b261a9ddb9b3ecec9863e05aab3935b96038145fd3a977"},
    {file = "pymongo-4.6.0-cp312-cp312-macosx_10_9_universal2.whl", hash = "sha256:d603edea1ff7408638b2504905c032193b7dcee7af269802dbb35bc8c3310ed5"},
    {file = "pymongo-4.6.0-cp312-cp312-manylinux_2_17_aarch64.manylinux2014_aarch64.whl", hash = "sha256:79f41576b3022c2fe9780ae3e44202b2438128a25284a8ddfa038f0785d87019"},
    {file = "pymongo-4.6.0-cp312-cp312-manylinux_2_17_ppc64le.manylinux2014_ppc64le.whl", hash = "sha256:49f2af6cf82509b15093ce3569229e0d53c90ad8ae2eef940652d4cf1f81e045"},
    {file = "pymongo-4.6.0-cp312-cp312-manylinux_2_17_s390x.manylinux2014_s390x.whl", hash = "sha256:ecd9e1fa97aa11bf67472220285775fa15e896da108f425e55d23d7540a712ce"},
    {file = "pymongo-4.6.0-cp312-cp312-manylinux_2_17_x86_64.manylinux2014_x86_64.whl", hash = "sha256:2d2be5c9c3488fa8a70f83ed925940f488eac2837a996708d98a0e54a861f212"},
    {file = "pymongo-4.6.0-cp312-cp312-manylinux_2_5_i686.manylinux1_i686.manylinux_2_17_i686.manylinux2014_i686.whl", hash = "sha256:8ab6bcc8e424e07c1d4ba6df96f7fb963bcb48f590b9456de9ebd03b88084fe8"},
    {file = "pymongo-4.6.0-cp312-cp312-win32.whl", hash = "sha256:47aa128be2e66abd9d1a9b0437c62499d812d291f17b55185cb4aa33a5f710a4"},
    {file = "pymongo-4.6.0-cp312-cp312-win_amd64.whl", hash = "sha256:014e7049dd019a6663747ca7dae328943e14f7261f7c1381045dfc26a04fa330"},
    {file = "pymongo-4.6.0-cp37-cp37m-manylinux1_i686.whl", hash = "sha256:288c21ab9531b037f7efa4e467b33176bc73a0c27223c141b822ab4a0e66ff2a"},
    {file = "pymongo-4.6.0-cp37-cp37m-manylinux1_x86_64.whl", hash = "sha256:747c84f4e690fbe6999c90ac97246c95d31460d890510e4a3fa61b7d2b87aa34"},
    {file = "pymongo-4.6.0-cp37-cp37m-manylinux2014_aarch64.whl", hash = "sha256:055f5c266e2767a88bb585d01137d9c7f778b0195d3dbf4a487ef0638be9b651"},
    {file = "pymongo-4.6.0-cp37-cp37m-manylinux2014_i686.whl", hash = "sha256:82e620842e12e8cb4050d2643a81c8149361cd82c0a920fa5a15dc4ca8a4000f"},
    {file = "pymongo-4.6.0-cp37-cp37m-manylinux2014_ppc64le.whl", hash = "sha256:6b18276f14b4b6d92e707ab6db19b938e112bd2f1dc3f9f1a628df58e4fd3f0d"},
    {file = "pymongo-4.6.0-cp37-cp37m-manylinux2014_s390x.whl", hash = "sha256:680fa0fc719e1a3dcb81130858368f51d83667d431924d0bcf249644bce8f303"},
    {file = "pymongo-4.6.0-cp37-cp37m-manylinux2014_x86_64.whl", hash = "sha256:3919708594b86d0f5cdc713eb6fccd3f9b9532af09ea7a5d843c933825ef56c4"},
    {file = "pymongo-4.6.0-cp37-cp37m-manylinux_2_17_aarch64.manylinux2014_aarch64.whl", hash = "sha256:db082f728160369d9a6ed2e722438291558fc15ce06d0a7d696a8dad735c236b"},
    {file = "pymongo-4.6.0-cp37-cp37m-manylinux_2_17_ppc64le.manylinux2014_ppc64le.whl", hash = "sha256:1e4ed21029d80c4f62605ab16398fe1ce093fff4b5f22d114055e7d9fbc4adb0"},
    {file = "pymongo-4.6.0-cp37-cp37m-manylinux_2_17_s390x.manylinux2014_s390x.whl", hash = "sha256:9bea9138b0fc6e2218147e9c6ce1ff76ff8e29dc00bb1b64842bd1ca107aee9f"},
    {file = "pymongo-4.6.0-cp37-cp37m-manylinux_2_17_x86_64.manylinux2014_x86_64.whl", hash = "sha256:4a0269811661ba93c472c8a60ea82640e838c2eb148d252720a09b5123f2c2fe"},
    {file = "pymongo-4.6.0-cp37-cp37m-manylinux_2_5_i686.manylinux1_i686.manylinux_2_17_i686.manylinux2014_i686.whl", hash = "sha256:6d6a1b1361f118e7fefa17ae3114e77f10ee1b228b20d50c47c9f351346180c8"},
    {file = "pymongo-4.6.0-cp37-cp37m-manylinux_2_5_i686.manylinux1_i686.whl", hash = "sha256:7e3b0127b260d4abae7b62203c4c7ef0874c901b55155692353db19de4b18bc4"},
    {file = "pymongo-4.6.0-cp37-cp37m-manylinux_2_5_x86_64.manylinux1_x86_64.whl", hash = "sha256:a49aca4d961823b2846b739380c847e8964ff7ae0f0a683992b9d926054f0d6d"},
    {file = "pymongo-4.6.0-cp37-cp37m-win32.whl", hash = "sha256:09c7de516b08c57647176b9fc21d929d628e35bcebc7422220c89ae40b62126a"},
    {file = "pymongo-4.6.0-cp37-cp37m-win_amd64.whl", hash = "sha256:81dd1308bd5630d2bb5980f00aa163b986b133f1e9ed66c66ce2a5bc3572e891"},
    {file = "pymongo-4.6.0-cp38-cp38-macosx_11_0_universal2.whl", hash = "sha256:2f8c04277d879146eacda920476e93d520eff8bec6c022ac108cfa6280d84348"},
    {file = "pymongo-4.6.0-cp38-cp38-manylinux1_i686.whl", hash = "sha256:5802acc012bbb4bce4dff92973dff76482f30ef35dd4cb8ab5b0e06aa8f08c80"},
    {file = "pymongo-4.6.0-cp38-cp38-manylinux1_x86_64.whl", hash = "sha256:ccd785fafa1c931deff6a7116e9a0d402d59fabe51644b0d0c268295ff847b25"},
    {file = "pymongo-4.6.0-cp38-cp38-manylinux2014_aarch64.whl", hash = "sha256:fe03bf25fae4b95d8afe40004a321df644400fdcba4c8e5e1a19c1085b740888"},
    {file = "pymongo-4.6.0-cp38-cp38-manylinux2014_i686.whl", hash = "sha256:2ca0ba501898b2ec31e6c3acf90c31910944f01d454ad8e489213a156ccf1bda"},
    {file = "pymongo-4.6.0-cp38-cp38-manylinux2014_ppc64le.whl", hash = "sha256:10a379fb60f1b2406ae57b8899bacfe20567918c8e9d2d545e1b93628fcf2050"},
    {file = "pymongo-4.6.0-cp38-cp38-manylinux2014_s390x.whl", hash = "sha256:a4dc1319d0c162919ee7f4ee6face076becae2abbd351cc14f1fe70af5fb20d9"},
    {file = "pymongo-4.6.0-cp38-cp38-manylinux2014_x86_64.whl", hash = "sha256:ddef295aaf80cefb0c1606f1995899efcb17edc6b327eb6589e234e614b87756"},
    {file = "pymongo-4.6.0-cp38-cp38-manylinux_2_17_aarch64.manylinux2014_aarch64.whl", hash = "sha256:518c90bdd6e842c446d01a766b9136fec5ec6cc94f3b8c3f8b4a332786ee6b64"},
    {file = "pymongo-4.6.0-cp38-cp38-manylinux_2_17_ppc64le.manylinux2014_ppc64le.whl", hash = "sha256:b80a4ee19b3442c57c38afa978adca546521a8822d663310b63ae2a7d7b13f3a"},
    {file = "pymongo-4.6.0-cp38-cp38-manylinux_2_17_s390x.manylinux2014_s390x.whl", hash = "sha256:eb438a8bf6b695bf50d57e6a059ff09652a07968b2041178b3744ea785fcef9b"},
    {file = "pymongo-4.6.0-cp38-cp38-manylinux_2_17_x86_64.manylinux2014_x86_64.whl", hash = "sha256:e3db7d833a7c38c317dc95b54e27f1d27012e031b45a7c24e360b53197d5f6e7"},
    {file = "pymongo-4.6.0-cp38-cp38-manylinux_2_5_i686.manylinux1_i686.manylinux_2_17_i686.manylinux2014_i686.whl", hash = "sha256:3729b8db02063da50eeb3db88a27670d85953afb9a7f14c213ac9e3dca93034b"},
    {file = "pymongo-4.6.0-cp38-cp38-manylinux_2_5_i686.manylinux1_i686.whl", hash = "sha256:39a1cd5d383b37285641d5a7a86be85274466ae336a61b51117155936529f9b3"},
    {file = "pymongo-4.6.0-cp38-cp38-manylinux_2_5_x86_64.manylinux1_x86_64.whl", hash = "sha256:7b0e6361754ac596cd16bfc6ed49f69ffcd9b60b7bc4bcd3ea65c6a83475e4ff"},
    {file = "pymongo-4.6.0-cp38-cp38-win32.whl", hash = "sha256:806e094e9e85d8badc978af8c95b69c556077f11844655cb8cd2d1758769e521"},
    {file = "pymongo-4.6.0-cp38-cp38-win_amd64.whl", hash = "sha256:1394c4737b325166a65ae7c145af1ebdb9fb153ebedd37cf91d676313e4a67b8"},
    {file = "pymongo-4.6.0-cp39-cp39-macosx_10_9_universal2.whl", hash = "sha256:a8273e1abbcff1d7d29cbbb1ea7e57d38be72f1af3c597c854168508b91516c2"},
    {file = "pymongo-4.6.0-cp39-cp39-manylinux1_i686.whl", hash = "sha256:e16ade71c93f6814d095d25cd6d28a90d63511ea396bd96e9ffcb886b278baaa"},
    {file = "pymongo-4.6.0-cp39-cp39-manylinux1_x86_64.whl", hash = "sha256:325701ae7b56daa5b0692305b7cb505ca50f80a1288abb32ff420a8a209b01ca"},
    {file = "pymongo-4.6.0-cp39-cp39-manylinux2014_aarch64.whl", hash = "sha256:cc94f9fea17a5af8cf1a343597711a26b0117c0b812550d99934acb89d526ed2"},
    {file = "pymongo-4.6.0-cp39-cp39-manylinux2014_i686.whl", hash = "sha256:21812453354b151200034750cd30b0140e82ec2a01fd4357390f67714a1bfbde"},
    {file = "pymongo-4.6.0-cp39-cp39-manylinux2014_ppc64le.whl", hash = "sha256:0634994b026336195778e5693583c060418d4ab453eff21530422690a97e1ee8"},
    {file = "pymongo-4.6.0-cp39-cp39-manylinux2014_s390x.whl", hash = "sha256:ad4f66fbb893b55f96f03020e67dcab49ffde0177c6565ccf9dec4fdf974eb61"},
    {file = "pymongo-4.6.0-cp39-cp39-manylinux2014_x86_64.whl", hash = "sha256:2703a9f8f5767986b4f51c259ff452cc837c5a83c8ed5f5361f6e49933743b2f"},
    {file = "pymongo-4.6.0-cp39-cp39-manylinux_2_17_aarch64.manylinux2014_aarch64.whl", hash = "sha256:6bafea6061d63059d8bc2ffc545e2f049221c8a4457d236c5cd6a66678673eab"},
    {file = "pymongo-4.6.0-cp39-cp39-manylinux_2_17_ppc64le.manylinux2014_ppc64le.whl", hash = "sha256:f28ae33dc5a0b9cee06e95fd420e42155d83271ab75964baf747ce959cac5f52"},
    {file = "pymongo-4.6.0-cp39-cp39-manylinux_2_17_s390x.manylinux2014_s390x.whl", hash = "sha256:d16a534da0e39785687b7295e2fcf9a339f4a20689024983d11afaa4657f8507"},
    {file = "pymongo-4.6.0-cp39-cp39-manylinux_2_17_x86_64.manylinux2014_x86_64.whl", hash = "sha256:ef67fedd863ffffd4adfd46d9d992b0f929c7f61a8307366d664d93517f2c78e"},
    {file = "pymongo-4.6.0-cp39-cp39-manylinux_2_5_i686.manylinux1_i686.manylinux_2_17_i686.manylinux2014_i686.whl", hash = "sha256:05c30fd35cc97f14f354916b45feea535d59060ef867446b5c3c7f9b609dd5dc"},
    {file = "pymongo-4.6.0-cp39-cp39-manylinux_2_5_i686.manylinux1_i686.whl", hash = "sha256:1c63e3a2e8fb815c4b1f738c284a4579897e37c3cfd95fdb199229a1ccfb638a"},
    {file = "pymongo-4.6.0-cp39-cp39-manylinux_2_5_x86_64.manylinux1_x86_64.whl", hash = "sha256:e5e193f89f4f8c1fe273f9a6e6df915092c9f2af6db2d1afb8bd53855025c11f"},
    {file = "pymongo-4.6.0-cp39-cp39-win32.whl", hash = "sha256:a09bfb51953930e7e838972ddf646c5d5f984992a66d79da6ba7f6a8d8a890cd"},
    {file = "pymongo-4.6.0-cp39-cp39-win_amd64.whl", hash = "sha256:107a234dc55affc5802acb3b6d83cbb8c87355b38a9457fcd8806bdeb8bce161"},
    {file = "pymongo-4.6.0.tar.gz", hash = "sha256:fb1c56d891f9e34303c451998ef62ba52659648bb0d75b03c5e4ac223a3342c2"},
]

[package.dependencies]
dnspython = ">=1.16.0,<3.0.0"

[package.extras]
aws = ["pymongo-auth-aws (<2.0.0)"]
encryption = ["certifi", "pymongo[aws]", "pymongocrypt (>=1.6.0,<2.0.0)"]
gssapi = ["pykerberos", "winkerberos (>=0.5.0)"]
ocsp = ["certifi", "cryptography (>=2.5)", "pyopenssl (>=17.2.0)", "requests (<3.0.0)", "service-identity (>=18.1.0)"]
snappy = ["python-snappy"]
test = ["pytest (>=7)"]
zstd = ["zstandard"]

[[package]]
name = "pyright"
version = "1.1.334"
description = "Command line wrapper for pyright"
optional = false
python-versions = ">=3.7"
files = [
    {file = "pyright-1.1.334-py3-none-any.whl", hash = "sha256:dcb13e8358e021189672c4d6ebcad192ab061e4c7225036973ec493183c6da68"},
    {file = "pyright-1.1.334.tar.gz", hash = "sha256:3adaf10f1f4209575dc022f9c897f7ef024639b7ea5b3cbe49302147e6949cd4"},
]

[package.dependencies]
nodeenv = ">=1.6.0"

[package.extras]
all = ["twine (>=3.4.1)"]
dev = ["twine (>=3.4.1)"]

[[package]]
name = "python-dateutil"
version = "2.8.2"
description = "Extensions to the standard Python datetime module"
optional = false
python-versions = "!=3.0.*,!=3.1.*,!=3.2.*,>=2.7"
files = [
    {file = "python-dateutil-2.8.2.tar.gz", hash = "sha256:0123cacc1627ae19ddf3c27a5de5bd67ee4586fbdd6440d9748f8abb483d3e86"},
    {file = "python_dateutil-2.8.2-py2.py3-none-any.whl", hash = "sha256:961d03dc3453ebbc59dbdea9e4e11c5651520a876d0f4db161e8674aae935da9"},
]

[package.dependencies]
six = ">=1.5"

[[package]]
name = "setuptools"
version = "68.2.2"
description = "Easily download, build, install, upgrade, and uninstall Python packages"
optional = false
python-versions = ">=3.8"
files = [
    {file = "setuptools-68.2.2-py3-none-any.whl", hash = "sha256:b454a35605876da60632df1a60f736524eb73cc47bbc9f3f1ef1b644de74fd2a"},
    {file = "setuptools-68.2.2.tar.gz", hash = "sha256:4ac1475276d2f1c48684874089fefcd83bd7162ddaafb81fac866ba0db282a87"},
]

[package.extras]
docs = ["furo", "jaraco.packaging (>=9.3)", "jaraco.tidelift (>=1.4)", "pygments-github-lexers (==0.0.5)", "rst.linker (>=1.9)", "sphinx (>=3.5)", "sphinx-favicon", "sphinx-hoverxref (<2)", "sphinx-inline-tabs", "sphinx-lint", "sphinx-notfound-page (>=1,<2)", "sphinx-reredirects", "sphinxcontrib-towncrier"]
testing = ["build[virtualenv]", "filelock (>=3.4.0)", "flake8-2020", "ini2toml[lite] (>=0.9)", "jaraco.develop (>=7.21)", "jaraco.envs (>=2.2)", "jaraco.path (>=3.2.0)", "pip (>=19.1)", "pytest (>=6)", "pytest-black (>=0.3.7)", "pytest-checkdocs (>=2.4)", "pytest-cov", "pytest-enabler (>=2.2)", "pytest-mypy (>=0.9.1)", "pytest-perf", "pytest-ruff", "pytest-timeout", "pytest-xdist", "tomli-w (>=1.0.0)", "virtualenv (>=13.0.0)", "wheel"]
testing-integration = ["build[virtualenv] (>=1.0.3)", "filelock (>=3.4.0)", "jaraco.envs (>=2.2)", "jaraco.path (>=3.2.0)", "packaging (>=23.1)", "pytest", "pytest-enabler", "pytest-xdist", "tomli", "virtualenv (>=13.0.0)", "wheel"]

[[package]]
name = "six"
version = "1.16.0"
description = "Python 2 and 3 compatibility utilities"
optional = false
python-versions = ">=2.7, !=3.0.*, !=3.1.*, !=3.2.*"
files = [
    {file = "six-1.16.0-py2.py3-none-any.whl", hash = "sha256:8abb2f1d86890a2dfb989f9a77cfcfd3e47c2a354b01111771326f8aa26e0254"},
    {file = "six-1.16.0.tar.gz", hash = "sha256:1e61c37477a1626458e36f7b1d82aa5c9b094fa4802892072e49de9c60c4c926"},
]

[[package]]
name = "tomli"
version = "2.0.1"
description = "A lil' TOML parser"
optional = false
python-versions = ">=3.7"
files = [
    {file = "tomli-2.0.1-py3-none-any.whl", hash = "sha256:939de3e7a6161af0c887ef91b7d41a53e7c5a1ca976325f429cb46ea9bc30ecc"},
    {file = "tomli-2.0.1.tar.gz", hash = "sha256:de526c12914f0c550d15924c62d72abc48d6fe7364aa87328337a31007fe8a4f"},
]

[[package]]
name = "traitlets"
version = "5.13.0"
description = "Traitlets Python configuration system"
optional = false
python-versions = ">=3.8"
files = [
    {file = "traitlets-5.13.0-py3-none-any.whl", hash = "sha256:baf991e61542da48fe8aef8b779a9ea0aa38d8a54166ee250d5af5ecf4486619"},
    {file = "traitlets-5.13.0.tar.gz", hash = "sha256:9b232b9430c8f57288c1024b34a8f0251ddcc47268927367a0dd3eeaca40deb5"},
]

[package.extras]
docs = ["myst-parser", "pydata-sphinx-theme", "sphinx"]
test = ["argcomplete (>=3.0.3)", "mypy (>=1.6.0)", "pre-commit", "pytest (>=7.0,<7.5)", "pytest-mock", "pytest-mypy-testing"]

[[package]]
name = "typing-extensions"
version = "4.8.0"
description = "Backported and Experimental Type Hints for Python 3.8+"
optional = false
python-versions = ">=3.8"
files = [
    {file = "typing_extensions-4.8.0-py3-none-any.whl", hash = "sha256:8f92fc8806f9a6b641eaa5318da32b44d401efaac0f6678c9bc448ba3605faa0"},
    {file = "typing_extensions-4.8.0.tar.gz", hash = "sha256:df8e4339e9cb77357558cbdbceca33c303714cf861d1eef15e1070055ae8b7ef"},
]

[[package]]
name = "wcwidth"
version = "0.2.9"
description = "Measures the displayed width of unicode strings in a terminal"
optional = false
python-versions = "*"
files = [
    {file = "wcwidth-0.2.9-py2.py3-none-any.whl", hash = "sha256:9a929bd8380f6cd9571a968a9c8f4353ca58d7cd812a4822bba831f8d685b223"},
    {file = "wcwidth-0.2.9.tar.gz", hash = "sha256:a675d1a4a2d24ef67096a04b85b02deeecd8e226f57b5e3a72dbb9ed99d27da8"},
]

[[package]]
name = "wheel"
version = "0.36.2"
description = "A built-package format for Python"
optional = false
python-versions = "!=3.0.*,!=3.1.*,!=3.2.*,!=3.3.*,!=3.4.*,>=2.7"
files = [
    {file = "wheel-0.36.2-py2.py3-none-any.whl", hash = "sha256:78b5b185f0e5763c26ca1e324373aadd49182ca90e825f7853f4b2509215dc0e"},
    {file = "wheel-0.36.2.tar.gz", hash = "sha256:e11eefd162658ea59a60a0f6c7d493a7190ea4b9a85e335b33489d9f17e0245e"},
]

[package.extras]
test = ["pytest (>=3.0.0)", "pytest-cov"]

[metadata]
lock-version = "2.0"
python-versions = "^3.8"
content-hash = "2c7b0c856c0e492aaef89374b9bf673ca06c2e1ef583d273c4a51ea0e8eb3693"
