# THIS IS AN AUTOGENERATED FILE. DO NOT EDIT THIS FILE DIRECTLY.
# yarn lockfile v1


pyright@^1.1.95:
  version "1.1.141"
  resolved "https://registry.yarnpkg.com/pyright/-/pyright-1.1.141.tgz#3c13878134ab54ea08b10a15c13dc47544239c12"
  integrity sha512-ulOIOytQoYymeTvckEg0MhYNR4ULojsF6VTGZHp/FHTwSBiDWfwARqcpoY+LHCOX730K6HNeOyPD5KA3CD33eg==
