# THIS IS AN AUTOGENERATED FILE. DO NOT EDIT THIS FILE DIRECTLY.
# yarn lockfile v1


pyright@^1.1.95:
  version "1.1.142"
  resolved "https://registry.yarnpkg.com/pyright/-/pyright-1.1.142.tgz#215c82d881993eac0a97dd886e66ed670c9d52ae"
  integrity sha512-L6hsiUlI+EMMgDmyyt5ODogS9EwVtWP/YomNnR1A6d4kiTZgh02BXo1pzh0fYhg/ICV36hrp1OmLPqhpJfkrrA==
